
Microsoft Visual Studio Solution File, Format Version 12.00
# Visual Studio Version 16
VisualStudioVersion = 16.0.29613.14
MinimumVisualStudioVersion = 10.0.40219.1
Project("{FAE04EC0-301F-11D3-BF4B-00C04F79EFBC}") = "LeapYearProject", "LeapYearProject\LeapYearProject.csproj", "{9A290FBD-9CFB-4AD2-BEBB-06E957F0FAAD}"
EndProject
Global
	GlobalSection(SolutionConfigurationPlatforms) = preSolution
		Debug|Any CPU = Debug|Any CPU
		Release|Any CPU = Release|Any CPU
	EndGlobalSection
	GlobalSection(ProjectConfigurationPlatforms) = postSolution
		{9A290FBD-9CFB-4AD2-BEBB-06E957F0FAAD}.Debug|Any CPU.ActiveCfg = Debug|Any CPU
		{9A290FBD-9CFB-4AD2-BEBB-06E957F0FAAD}.Debug|Any CPU.Build.0 = Debug|Any CPU
		{9A290FBD-9CFB-4AD2-BEBB-06E957F0FAAD}.Release|Any CPU.ActiveCfg = Release|Any CPU
		{9A290FBD-9CFB-4AD2-BEBB-06E957F0FAAD}.Release|Any CPU.Build.0 = Release|Any CPU
	EndGlobalSection
	GlobalSection(SolutionProperties) = preSolution
		HideSolutionNode = FALSE
	EndGlobalSection
	GlobalSection(ExtensibilityGlobals) = postSolution
		SolutionGuid = {331AFBC5-3719-4712-A084-7CEEF149CFAE}
	EndGlobalSection
EndGlobal
